
Microsoft Visual Studio Solution File, Format Version 12.00
# Visual Studio 14
VisualStudioVersion = 14.0.25123.0
MinimumVisualStudioVersion = 10.0.40219.1
Project("{75356DA0-07B5-428E-B798-3177246ABCB2}") = "Sitecore.Support.412550", "Sitecore.Support.412550\Sitecore.Support.412550.csproj", "{9A5C59EE-AC84-4AFE-B607-135A3DB09E7A}"
EndProject
Global
	GlobalSection(SolutionConfigurationPlatforms) = preSolution
		Debug|Any CPU = Debug|Any CPU
		Release|Any CPU = Release|Any CPU
	EndGlobalSection
	GlobalSection(ProjectConfigurationPlatforms) = postSolution
		{9A5C59EE-AC84-4AFE-B607-135A3DB09E7A}.Debug|Any CPU.ActiveCfg = Debug|Any CPU
		{9A5C59EE-AC84-4AFE-B607-135A3DB09E7A}.Debug|Any CPU.Build.0 = Debug|Any CPU
		{9A5C59EE-AC84-4AFE-B607-135A3DB09E7A}.Release|Any CPU.ActiveCfg = Release|Any CPU
		{9A5C59EE-AC84-4AFE-B607-135A3DB09E7A}.Release|Any CPU.Build.0 = Release|Any CPU
	EndGlobalSection
	GlobalSection(SolutionProperties) = preSolution
		HideSolutionNode = FALSE
	EndGlobalSection
EndGlobal
